
Microsoft Visual Studio Solution File, Format Version 12.00
# Visual Studio 14
VisualStudioVersion = 14.0.25420.1
MinimumVisualStudioVersion = 10.0.40219.1
Project("{FAE04EC0-301F-11D3-BF4B-00C04F79EFBC}") = "dotnext2017spb", "dotnext2017spb\dotnext2017spb.csproj", "{E68967BD-7AD0-43E8-B40D-4CFCE7A1F4EF}"
EndProject
Project("{FAE04EC0-301F-11D3-BF4B-00C04F79EFBC}") = "Contract", "Contract\Contract.csproj", "{77C40DE1-EF21-4791-9B61-7FF6EEA68FCF}"
EndProject
Global
	GlobalSection(SolutionConfigurationPlatforms) = preSolution
		Debug|Any CPU = Debug|Any CPU
		Release|Any CPU = Release|Any CPU
	EndGlobalSection
	GlobalSection(ProjectConfigurationPlatforms) = postSolution
		{E68967BD-7AD0-43E8-B40D-4CFCE7A1F4EF}.Debug|Any CPU.ActiveCfg = Debug|Any CPU
		{E68967BD-7AD0-43E8-B40D-4CFCE7A1F4EF}.Debug|Any CPU.Build.0 = Debug|Any CPU
		{E68967BD-7AD0-43E8-B40D-4CFCE7A1F4EF}.Release|Any CPU.ActiveCfg = Release|Any CPU
		{E68967BD-7AD0-43E8-B40D-4CFCE7A1F4EF}.Release|Any CPU.Build.0 = Release|Any CPU
		{77C40DE1-EF21-4791-9B61-7FF6EEA68FCF}.Debug|Any CPU.ActiveCfg = Debug|Any CPU
		{77C40DE1-EF21-4791-9B61-7FF6EEA68FCF}.Debug|Any CPU.Build.0 = Debug|Any CPU
		{77C40DE1-EF21-4791-9B61-7FF6EEA68FCF}.Release|Any CPU.ActiveCfg = Release|Any CPU
		{77C40DE1-EF21-4791-9B61-7FF6EEA68FCF}.Release|Any CPU.Build.0 = Release|Any CPU
	EndGlobalSection
	GlobalSection(SolutionProperties) = preSolution
		HideSolutionNode = FALSE
	EndGlobalSection
EndGlobal
